
Microsoft Visual Studio Solution File, Format Version 12.00
# Visual Studio 15
VisualStudioVersion = 15.0.27130.2010
MinimumVisualStudioVersion = 10.0.40219.1
Project("{FAE04EC0-301F-11D3-BF4B-00C04F79EFBC}") = "HelloPet", "HelloPet\HelloPet.csproj", "{F2B1F68D-8BE1-4810-8790-4F937AE76647}"
EndProject
Global
	GlobalSection(SolutionConfigurationPlatforms) = preSolution
		Debug|Any CPU = Debug|Any CPU
		Release|Any CPU = Release|Any CPU
	EndGlobalSection
	GlobalSection(ProjectConfigurationPlatforms) = postSolution
		{F2B1F68D-8BE1-4810-8790-4F937AE76647}.Debug|Any CPU.ActiveCfg = Debug|Any CPU
		{F2B1F68D-8BE1-4810-8790-4F937AE76647}.Debug|Any CPU.Build.0 = Debug|Any CPU
		{F2B1F68D-8BE1-4810-8790-4F937AE76647}.Release|Any CPU.ActiveCfg = Release|Any CPU
		{F2B1F68D-8BE1-4810-8790-4F937AE76647}.Release|Any CPU.Build.0 = Release|Any CPU
	EndGlobalSection
	GlobalSection(SolutionProperties) = preSolution
		HideSolutionNode = FALSE
	EndGlobalSection
	GlobalSection(ExtensibilityGlobals) = postSolution
		SolutionGuid = {392DA8A9-A93A-415A-BDA5-2F0D572EE36D}
	EndGlobalSection
EndGlobal
